
Microsoft Visual Studio Solution File, Format Version 12.00
# Visual Studio Version 17
VisualStudioVersion = 17.1.32210.238
MinimumVisualStudioVersion = 10.0.40219.1
Project("{FAE04EC0-301F-11D3-BF4B-00C04F79EFBC}") = "AutoResetEventTest", "AutoResetEventTest\AutoResetEventTest.csproj", "{75A04531-2E03-4AA3-9C63-DD9971E10AEB}"
EndProject
Project("{FAE04EC0-301F-11D3-BF4B-00C04F79EFBC}") = "SemaphoreSlimTest", "SemaphoreSlimTest\SemaphoreSlimTest.csproj", "{D18A9663-1391-4A92-A99D-353EE2C0E864}"
EndProject
Project("{FAE04EC0-301F-11D3-BF4B-00C04F79EFBC}") = "Common", "Common\Common.csproj", "{1763F584-6853-4870-845B-9DCF589F6DF8}"
EndProject
Global
	GlobalSection(SolutionConfigurationPlatforms) = preSolution
		Debug|Any CPU = Debug|Any CPU
		Release|Any CPU = Release|Any CPU
	EndGlobalSection
	GlobalSection(ProjectConfigurationPlatforms) = postSolution
		{75A04531-2E03-4AA3-9C63-DD9971E10AEB}.Debug|Any CPU.ActiveCfg = Debug|Any CPU
		{75A04531-2E03-4AA3-9C63-DD9971E10AEB}.Debug|Any CPU.Build.0 = Debug|Any CPU
		{75A04531-2E03-4AA3-9C63-DD9971E10AEB}.Release|Any CPU.ActiveCfg = Release|Any CPU
		{75A04531-2E03-4AA3-9C63-DD9971E10AEB}.Release|Any CPU.Build.0 = Release|Any CPU
		{D18A9663-1391-4A92-A99D-353EE2C0E864}.Debug|Any CPU.ActiveCfg = Debug|Any CPU
		{D18A9663-1391-4A92-A99D-353EE2C0E864}.Debug|Any CPU.Build.0 = Debug|Any CPU
		{D18A9663-1391-4A92-A99D-353EE2C0E864}.Release|Any CPU.ActiveCfg = Release|Any CPU
		{D18A9663-1391-4A92-A99D-353EE2C0E864}.Release|Any CPU.Build.0 = Release|Any CPU
		{1763F584-6853-4870-845B-9DCF589F6DF8}.Debug|Any CPU.ActiveCfg = Debug|Any CPU
		{1763F584-6853-4870-845B-9DCF589F6DF8}.Debug|Any CPU.Build.0 = Debug|Any CPU
		{1763F584-6853-4870-845B-9DCF589F6DF8}.Release|Any CPU.ActiveCfg = Release|Any CPU
		{1763F584-6853-4870-845B-9DCF589F6DF8}.Release|Any CPU.Build.0 = Release|Any CPU
	EndGlobalSection
	GlobalSection(SolutionProperties) = preSolution
		HideSolutionNode = FALSE
	EndGlobalSection
	GlobalSection(ExtensibilityGlobals) = postSolution
		SolutionGuid = {55077354-D3B0-4F89-8159-8D315FC392C4}
	EndGlobalSection
EndGlobal
