
Microsoft Visual Studio Solution File, Format Version 12.00
# Visual Studio Version 16
VisualStudioVersion = 16.0.30128.74
MinimumVisualStudioVersion = 10.0.40219.1
Project("{FAE04EC0-301F-11D3-BF4B-00C04F79EFBC}") = "Socket", "Socket\Socket.csproj", "{6A344B69-EA2A-4D0C-AAAC-41230DCDA60A}"
EndProject
Global
	GlobalSection(SolutionConfigurationPlatforms) = preSolution
		Debug|Any CPU = Debug|Any CPU
		Release|Any CPU = Release|Any CPU
	EndGlobalSection
	GlobalSection(ProjectConfigurationPlatforms) = postSolution
		{6A344B69-EA2A-4D0C-AAAC-41230DCDA60A}.Debug|Any CPU.ActiveCfg = Debug|Any CPU
		{6A344B69-EA2A-4D0C-AAAC-41230DCDA60A}.Debug|Any CPU.Build.0 = Debug|Any CPU
		{6A344B69-EA2A-4D0C-AAAC-41230DCDA60A}.Release|Any CPU.ActiveCfg = Release|Any CPU
		{6A344B69-EA2A-4D0C-AAAC-41230DCDA60A}.Release|Any CPU.Build.0 = Release|Any CPU
	EndGlobalSection
	GlobalSection(SolutionProperties) = preSolution
		HideSolutionNode = FALSE
	EndGlobalSection
	GlobalSection(ExtensibilityGlobals) = postSolution
		SolutionGuid = {3259B80B-AAD5-41EA-9C33-FA401AED65EB}
	EndGlobalSection
EndGlobal
