
Microsoft Visual Studio Solution File, Format Version 12.00
# Visual Studio Version 17
VisualStudioVersion = 17.1.32210.238
MinimumVisualStudioVersion = 10.0.40219.1
Project("{FAE04EC0-301F-11D3-BF4B-00C04F79EFBC}") = "Server", "Server\Server.csproj", "{37F2B751-6928-4E34-AFA5-6F88DB48C617}"
EndProject
Project("{FAE04EC0-301F-11D3-BF4B-00C04F79EFBC}") = "Client", "Client\Client.csproj", "{BAE83124-34A6-434E-8395-5F15E3688F9F}"
EndProject
Global
	GlobalSection(SolutionConfigurationPlatforms) = preSolution
		Debug|Any CPU = Debug|Any CPU
		Release|Any CPU = Release|Any CPU
	EndGlobalSection
	GlobalSection(ProjectConfigurationPlatforms) = postSolution
		{37F2B751-6928-4E34-AFA5-6F88DB48C617}.Debug|Any CPU.ActiveCfg = Debug|Any CPU
		{37F2B751-6928-4E34-AFA5-6F88DB48C617}.Debug|Any CPU.Build.0 = Debug|Any CPU
		{37F2B751-6928-4E34-AFA5-6F88DB48C617}.Release|Any CPU.ActiveCfg = Release|Any CPU
		{37F2B751-6928-4E34-AFA5-6F88DB48C617}.Release|Any CPU.Build.0 = Release|Any CPU
		{BAE83124-34A6-434E-8395-5F15E3688F9F}.Debug|Any CPU.ActiveCfg = Debug|Any CPU
		{BAE83124-34A6-434E-8395-5F15E3688F9F}.Debug|Any CPU.Build.0 = Debug|Any CPU
		{BAE83124-34A6-434E-8395-5F15E3688F9F}.Release|Any CPU.ActiveCfg = Release|Any CPU
		{BAE83124-34A6-434E-8395-5F15E3688F9F}.Release|Any CPU.Build.0 = Release|Any CPU
	EndGlobalSection
	GlobalSection(SolutionProperties) = preSolution
		HideSolutionNode = FALSE
	EndGlobalSection
	GlobalSection(ExtensibilityGlobals) = postSolution
		SolutionGuid = {59F15FAD-2E8F-476A-A73F-C21FB8940325}
	EndGlobalSection
EndGlobal
